
Microsoft Visual Studio Solution File, Format Version 12.00
# Visual Studio Version 17
VisualStudioVersion = 17.2.32616.157
MinimumVisualStudioVersion = 10.0.40219.1
Project("{FAE04EC0-301F-11D3-BF4B-00C04F79EFBC}") = "Test2_Clases", "Test2_Clases\Test2_Clases.csproj", "{9857BF8F-48FE-42EE-A712-AC2A5C18A836}"
EndProject
Global
	GlobalSection(SolutionConfigurationPlatforms) = preSolution
		Debug|Any CPU = Debug|Any CPU
		Release|Any CPU = Release|Any CPU
	EndGlobalSection
	GlobalSection(ProjectConfigurationPlatforms) = postSolution
		{9857BF8F-48FE-42EE-A712-AC2A5C18A836}.Debug|Any CPU.ActiveCfg = Debug|Any CPU
		{9857BF8F-48FE-42EE-A712-AC2A5C18A836}.Debug|Any CPU.Build.0 = Debug|Any CPU
		{9857BF8F-48FE-42EE-A712-AC2A5C18A836}.Release|Any CPU.ActiveCfg = Release|Any CPU
		{9857BF8F-48FE-42EE-A712-AC2A5C18A836}.Release|Any CPU.Build.0 = Release|Any CPU
	EndGlobalSection
	GlobalSection(SolutionProperties) = preSolution
		HideSolutionNode = FALSE
	EndGlobalSection
	GlobalSection(ExtensibilityGlobals) = postSolution
		SolutionGuid = {DCC9B384-35D6-4521-AD02-B87A5F9080EF}
	EndGlobalSection
EndGlobal
